
Microsoft Visual Studio Solution File, Format Version 12.00
# Visual Studio 15
VisualStudioVersion = 15.0.27004.2009
MinimumVisualStudioVersion = 10.0.40219.1
Project("{FAE04EC0-301F-11D3-BF4B-00C04F79EFBC}") = "GenericFiltering", "testGeneric\GenericFiltering.csproj", "{DC8A8B01-5D2E-41D5-A775-757F98049D4D}"
EndProject
Project("{FAE04EC0-301F-11D3-BF4B-00C04F79EFBC}") = "GenericFiltering.Test", "GenericFiltering.Test\GenericFiltering.Test.csproj", "{5D2BABA7-6434-4A63-87F8-9F17DD664BB1}"
EndProject
Project("{FAE04EC0-301F-11D3-BF4B-00C04F79EFBC}") = "QueryFiltering", "QueryFiltering\QueryFiltering.csproj", "{B697B7EC-F325-44B9-97C2-159367C521C9}"
EndProject
Global
	GlobalSection(SolutionConfigurationPlatforms) = preSolution
		Debug|Any CPU = Debug|Any CPU
		Release|Any CPU = Release|Any CPU
	EndGlobalSection
	GlobalSection(ProjectConfigurationPlatforms) = postSolution
		{DC8A8B01-5D2E-41D5-A775-757F98049D4D}.Debug|Any CPU.ActiveCfg = Debug|Any CPU
		{DC8A8B01-5D2E-41D5-A775-757F98049D4D}.Debug|Any CPU.Build.0 = Debug|Any CPU
		{DC8A8B01-5D2E-41D5-A775-757F98049D4D}.Release|Any CPU.ActiveCfg = Release|Any CPU
		{DC8A8B01-5D2E-41D5-A775-757F98049D4D}.Release|Any CPU.Build.0 = Release|Any CPU
		{5D2BABA7-6434-4A63-87F8-9F17DD664BB1}.Debug|Any CPU.ActiveCfg = Debug|Any CPU
		{5D2BABA7-6434-4A63-87F8-9F17DD664BB1}.Debug|Any CPU.Build.0 = Debug|Any CPU
		{5D2BABA7-6434-4A63-87F8-9F17DD664BB1}.Release|Any CPU.ActiveCfg = Release|Any CPU
		{5D2BABA7-6434-4A63-87F8-9F17DD664BB1}.Release|Any CPU.Build.0 = Release|Any CPU
		{B697B7EC-F325-44B9-97C2-159367C521C9}.Debug|Any CPU.ActiveCfg = Debug|Any CPU
		{B697B7EC-F325-44B9-97C2-159367C521C9}.Debug|Any CPU.Build.0 = Debug|Any CPU
		{B697B7EC-F325-44B9-97C2-159367C521C9}.Release|Any CPU.ActiveCfg = Release|Any CPU
		{B697B7EC-F325-44B9-97C2-159367C521C9}.Release|Any CPU.Build.0 = Release|Any CPU
	EndGlobalSection
	GlobalSection(SolutionProperties) = preSolution
		HideSolutionNode = FALSE
	EndGlobalSection
	GlobalSection(ExtensibilityGlobals) = postSolution
		SolutionGuid = {715933B0-39E4-44C4-8961-18AD30F68B3D}
	EndGlobalSection
EndGlobal
